
Microsoft Visual Studio Solution File, Format Version 12.00
# Visual Studio Version 16
VisualStudioVersion = 16.0.29806.167
MinimumVisualStudioVersion = 10.0.40219.1
Project("{FAE04EC0-301F-11D3-BF4B-00C04F79EFBC}") = "SimpluCalculator", "SimpluCalculator.csproj", "{008A7ACC-1DE6-45E4-BB7A-1E1D5DB9CEC4}"
EndProject
Global
	GlobalSection(SolutionConfigurationPlatforms) = preSolution
		Debug|Any CPU = Debug|Any CPU
		Release|Any CPU = Release|Any CPU
	EndGlobalSection
	GlobalSection(ProjectConfigurationPlatforms) = postSolution
		{008A7ACC-1DE6-45E4-BB7A-1E1D5DB9CEC4}.Debug|Any CPU.ActiveCfg = Debug|Any CPU
		{008A7ACC-1DE6-45E4-BB7A-1E1D5DB9CEC4}.Debug|Any CPU.Build.0 = Debug|Any CPU
		{008A7ACC-1DE6-45E4-BB7A-1E1D5DB9CEC4}.Release|Any CPU.ActiveCfg = Release|Any CPU
		{008A7ACC-1DE6-45E4-BB7A-1E1D5DB9CEC4}.Release|Any CPU.Build.0 = Release|Any CPU
	EndGlobalSection
	GlobalSection(SolutionProperties) = preSolution
		HideSolutionNode = FALSE
	EndGlobalSection
	GlobalSection(ExtensibilityGlobals) = postSolution
		SolutionGuid = {FBCA3330-A00B-419A-96F9-87EC4DDD8FE2}
	EndGlobalSection
EndGlobal
